
Microsoft Visual Studio Solution File, Format Version 12.00
# Visual Studio Version 17
VisualStudioVersion = 17.14.36408.4 d17.14
MinimumVisualStudioVersion = 10.0.40219.1
Project("{FAE04EC0-301F-11D3-BF4B-00C04F79EFBC}") = "Automacao", "Automacao\Automacao.csproj", "{34015167-5FDE-4557-A412-C842AD3487CD}"
EndProject
Global
	GlobalSection(SolutionConfigurationPlatforms) = preSolution
		Debug|Any CPU = Debug|Any CPU
		Release|Any CPU = Release|Any CPU
	EndGlobalSection
	GlobalSection(ProjectConfigurationPlatforms) = postSolution
		{34015167-5FDE-4557-A412-C842AD3487CD}.Debug|Any CPU.ActiveCfg = Debug|Any CPU
		{34015167-5FDE-4557-A412-C842AD3487CD}.Debug|Any CPU.Build.0 = Debug|Any CPU
		{34015167-5FDE-4557-A412-C842AD3487CD}.Release|Any CPU.ActiveCfg = Release|Any CPU
		{34015167-5FDE-4557-A412-C842AD3487CD}.Release|Any CPU.Build.0 = Release|Any CPU
	EndGlobalSection
	GlobalSection(SolutionProperties) = preSolution
		HideSolutionNode = FALSE
	EndGlobalSection
	GlobalSection(ExtensibilityGlobals) = postSolution
		SolutionGuid = {33793A3F-90CA-4491-97D1-BBFA3BC75D5F}
	EndGlobalSection
EndGlobal
